
Microsoft Visual Studio Solution File, Format Version 12.00
# Visual Studio 15
VisualStudioVersion = 15.0.27428.2037
MinimumVisualStudioVersion = 10.0.40219.1
Project("{FAE04EC0-301F-11D3-BF4B-00C04F79EFBC}") = "MathsGenius", "MathsGenius\MathsGenius.csproj", "{AB99FF1E-A8C8-449C-A176-921DF956766B}"
EndProject
Global
	GlobalSection(SolutionConfigurationPlatforms) = preSolution
		Debug|Any CPU = Debug|Any CPU
		Release|Any CPU = Release|Any CPU
	EndGlobalSection
	GlobalSection(ProjectConfigurationPlatforms) = postSolution
		{AB99FF1E-A8C8-449C-A176-921DF956766B}.Debug|Any CPU.ActiveCfg = Debug|Any CPU
		{AB99FF1E-A8C8-449C-A176-921DF956766B}.Debug|Any CPU.Build.0 = Debug|Any CPU
		{AB99FF1E-A8C8-449C-A176-921DF956766B}.Release|Any CPU.ActiveCfg = Release|Any CPU
		{AB99FF1E-A8C8-449C-A176-921DF956766B}.Release|Any CPU.Build.0 = Release|Any CPU
	EndGlobalSection
	GlobalSection(SolutionProperties) = preSolution
		HideSolutionNode = FALSE
	EndGlobalSection
	GlobalSection(ExtensibilityGlobals) = postSolution
		SolutionGuid = {F7F01F10-DF5C-42D0-A7E2-51E1103BB934}
	EndGlobalSection
EndGlobal
